
Microsoft Visual Studio Solution File, Format Version 12.00
# Visual Studio 2013
VisualStudioVersion = 12.0.30501.0
MinimumVisualStudioVersion = 10.0.40219.1
Project("{FAE04EC0-301F-11D3-BF4B-00C04F79EFBC}") = "HC_FinalProject", "HC_FinalProject\HC_FinalProject.csproj", "{37E0892F-5226-43F6-8B88-03124FD4A311}"
EndProject
Project("{FAE04EC0-301F-11D3-BF4B-00C04F79EFBC}") = "Final_SqlUtility", "Final_SqlUtility\Final_SqlUtility.csproj", "{8682A3AB-60AC-49DD-B820-EF850C01B708}"
EndProject
Project("{FAE04EC0-301F-11D3-BF4B-00C04F79EFBC}") = "Final_Core", "Final_Core\Final_Core.csproj", "{01177847-F897-4EBA-B1B8-4F533BF9575E}"
EndProject
Global
	GlobalSection(SolutionConfigurationPlatforms) = preSolution
		Debug|Any CPU = Debug|Any CPU
		Release|Any CPU = Release|Any CPU
	EndGlobalSection
	GlobalSection(ProjectConfigurationPlatforms) = postSolution
		{37E0892F-5226-43F6-8B88-03124FD4A311}.Debug|Any CPU.ActiveCfg = Debug|Any CPU
		{37E0892F-5226-43F6-8B88-03124FD4A311}.Debug|Any CPU.Build.0 = Debug|Any CPU
		{37E0892F-5226-43F6-8B88-03124FD4A311}.Release|Any CPU.ActiveCfg = Release|Any CPU
		{37E0892F-5226-43F6-8B88-03124FD4A311}.Release|Any CPU.Build.0 = Release|Any CPU
		{8682A3AB-60AC-49DD-B820-EF850C01B708}.Debug|Any CPU.ActiveCfg = Debug|Any CPU
		{8682A3AB-60AC-49DD-B820-EF850C01B708}.Debug|Any CPU.Build.0 = Debug|Any CPU
		{8682A3AB-60AC-49DD-B820-EF850C01B708}.Release|Any CPU.ActiveCfg = Release|Any CPU
		{8682A3AB-60AC-49DD-B820-EF850C01B708}.Release|Any CPU.Build.0 = Release|Any CPU
		{01177847-F897-4EBA-B1B8-4F533BF9575E}.Debug|Any CPU.ActiveCfg = Debug|Any CPU
		{01177847-F897-4EBA-B1B8-4F533BF9575E}.Debug|Any CPU.Build.0 = Debug|Any CPU
		{01177847-F897-4EBA-B1B8-4F533BF9575E}.Release|Any CPU.ActiveCfg = Release|Any CPU
		{01177847-F897-4EBA-B1B8-4F533BF9575E}.Release|Any CPU.Build.0 = Release|Any CPU
	EndGlobalSection
	GlobalSection(SolutionProperties) = preSolution
		HideSolutionNode = FALSE
	EndGlobalSection
EndGlobal
